
Microsoft Visual Studio Solution File, Format Version 12.00
# Visual Studio 14
VisualStudioVersion = 14.0.25123.0
MinimumVisualStudioVersion = 10.0.40219.1
Project("{FAE04EC0-301F-11D3-BF4B-00C04F79EFBC}") = "ZTB.OA.Model", "ZTB.OA.Model\ZTB.OA.Model.csproj", "{D2ECDB25-B287-45AF-90A0-F4A81CDD7A86}"
EndProject
Project("{FAE04EC0-301F-11D3-BF4B-00C04F79EFBC}") = "ZTB.OA.EFDAL", "ZTB.OA.EFDAL\ZTB.OA.EFDAL.csproj", "{34DE48BF-B3EE-46A0-AFDF-75DEABB4AC18}"
EndProject
Project("{FAE04EC0-301F-11D3-BF4B-00C04F79EFBC}") = "ZTB.OA.BLL", "ZTB.OA.BLL\ZTB.OA.BLL.csproj", "{B770EFC7-06A4-4B52-B416-49FDB7DC5BF7}"
EndProject
Project("{FAE04EC0-301F-11D3-BF4B-00C04F79EFBC}") = "ZTB.OA.Common", "ZTB.OA.Common\ZTB.OA.Common.csproj", "{3B3B9951-A239-4779-BE60-6022AE6FB10E}"
EndProject
Project("{FAE04EC0-301F-11D3-BF4B-00C04F79EFBC}") = "ZTB.OA.IDAL", "ZTB.OA.IDAL\ZTB.OA.IDAL.csproj", "{81D577C5-34C6-4DDC-9BC4-31C999A909BB}"
EndProject
Project("{FAE04EC0-301F-11D3-BF4B-00C04F79EFBC}") = "ZTB.OA.DALFactory", "ZTB.OA.DALFactory\ZTB.OA.DALFactory.csproj", "{71F570DA-155B-4F0A-A95F-F82A117F53CA}"
EndProject
Project("{FAE04EC0-301F-11D3-BF4B-00C04F79EFBC}") = "ZTB.OA.IBLL", "ZTB.OA.IBLL\ZTB.OA.IBLL.csproj", "{1089796F-7466-4D6B-86E4-A0BED42C1201}"
EndProject
Project("{2150E333-8FDC-42A3-9474-1A3956D46DE8}") = "DAL", "DAL", "{6D4A1105-21F7-4C19-AABF-CD80AD92B347}"
EndProject
Project("{2150E333-8FDC-42A3-9474-1A3956D46DE8}") = "BLL", "BLL", "{173E9942-024D-452C-AC5D-3A2A577D4199}"
EndProject
Project("{2150E333-8FDC-42A3-9474-1A3956D46DE8}") = "Common", "Common", "{8A463BFF-ADBC-4B30-B01C-94E58A217F2E}"
EndProject
Project("{2150E333-8FDC-42A3-9474-1A3956D46DE8}") = "Model", "Model", "{4ACCFC90-AE33-40B4-B951-9BBE98D40F74}"
EndProject
Project("{2150E333-8FDC-42A3-9474-1A3956D46DE8}") = "UI", "UI", "{DFC29803-7D9C-4452-BFDD-E7492A66B9DD}"
EndProject
Project("{2150E333-8FDC-42A3-9474-1A3956D46DE8}") = "Demo", "Demo", "{67B3A07C-C067-4385-8C3A-F716EE1EE12F}"
EndProject
Project("{FAE04EC0-301F-11D3-BF4B-00C04F79EFBC}") = "SpringNetIoC", "SpringNetIoC\SpringNetIoC.csproj", "{4746786F-9E42-4513-8714-13D5A125A95A}"
EndProject
Project("{FAE04EC0-301F-11D3-BF4B-00C04F79EFBC}") = "AutoFacDemo", "AutoFacDemo\AutoFacDemo.csproj", "{19429DD4-38AD-40EF-8B3B-899D32A232F5}"
EndProject
Project("{FAE04EC0-301F-11D3-BF4B-00C04F79EFBC}") = "AutoMapperDemo", "AutoMapperDemo\AutoMapperDemo.csproj", "{56F36655-4FEB-4105-89AD-483E82FE73F8}"
EndProject
Project("{FAE04EC0-301F-11D3-BF4B-00C04F79EFBC}") = "T4Demo", "T4Demo\T4Demo.csproj", "{E01356FF-23B2-453C-90EA-95F92C3A514C}"
EndProject
Project("{FAE04EC0-301F-11D3-BF4B-00C04F79EFBC}") = "MemCacheDemo", "MemCacheDemo\MemCacheDemo.csproj", "{CB468143-5F7A-442E-8A01-F7A1CC9DC1BD}"
EndProject
Project("{FAE04EC0-301F-11D3-BF4B-00C04F79EFBC}") = "RedisDemo", "RedisDemo\RedisDemo.csproj", "{B70F9482-506E-489A-9571-D7182C5919AC}"
EndProject
Project("{FAE04EC0-301F-11D3-BF4B-00C04F79EFBC}") = "ZTB.OA.Web", "ZTB.OA.Web\ZTB.OA.Web.csproj", "{6C357EA2-3E4B-4837-8397-ACB716334424}"
EndProject
Project("{FAE04EC0-301F-11D3-BF4B-00C04F79EFBC}") = "MongonDBDemo", "MongonDBDemo\MongonDBDemo.csproj", "{E4A9C32F-2977-4B2B-8410-78EC510CB588}"
EndProject
Project("{FAE04EC0-301F-11D3-BF4B-00C04F79EFBC}") = "ZhiHeng.Tickets.Wx.App", "ZhiHeng.Tickets.Wx.App\ZhiHeng.Tickets.Wx.App.csproj", "{3EA0D0E7-7E16-4AEE-B5CD-3B25AD6D78E3}"
EndProject
Project("{2150E333-8FDC-42A3-9474-1A3956D46DE8}") = "WeiXin", "WeiXin", "{6E285EE8-8033-4570-B011-CF988E7C1456}"
EndProject
Project("{2150E333-8FDC-42A3-9474-1A3956D46DE8}") = "Ext", "Ext", "{15CDD005-09F9-4932-A4CC-F19714E89FD3}"
EndProject
Project("{FAE04EC0-301F-11D3-BF4B-00C04F79EFBC}") = "WebApiWithOath", "WebApiWithOath\WebApiWithOath.csproj", "{C1386B89-72C1-4EB5-ADA1-A96CE57CFE21}"
EndProject
Project("{FAE04EC0-301F-11D3-BF4B-00C04F79EFBC}") = "ZhiHeng.Tickets.Wx.Sy.Repository", "ZhiHeng.Tickets.Wx.Sy.Repository\ZhiHeng.Tickets.Wx.Sy.Repository.csproj", "{3058B9F3-798A-45C3-A858-937FB2939D5A}"
EndProject
Global
	GlobalSection(SolutionConfigurationPlatforms) = preSolution
		Debug|Any CPU = Debug|Any CPU
		Release|Any CPU = Release|Any CPU
	EndGlobalSection
	GlobalSection(ProjectConfigurationPlatforms) = postSolution
		{D2ECDB25-B287-45AF-90A0-F4A81CDD7A86}.Debug|Any CPU.ActiveCfg = Debug|Any CPU
		{D2ECDB25-B287-45AF-90A0-F4A81CDD7A86}.Debug|Any CPU.Build.0 = Debug|Any CPU
		{D2ECDB25-B287-45AF-90A0-F4A81CDD7A86}.Release|Any CPU.ActiveCfg = Release|Any CPU
		{D2ECDB25-B287-45AF-90A0-F4A81CDD7A86}.Release|Any CPU.Build.0 = Release|Any CPU
		{34DE48BF-B3EE-46A0-AFDF-75DEABB4AC18}.Debug|Any CPU.ActiveCfg = Debug|Any CPU
		{34DE48BF-B3EE-46A0-AFDF-75DEABB4AC18}.Debug|Any CPU.Build.0 = Debug|Any CPU
		{34DE48BF-B3EE-46A0-AFDF-75DEABB4AC18}.Release|Any CPU.ActiveCfg = Release|Any CPU
		{34DE48BF-B3EE-46A0-AFDF-75DEABB4AC18}.Release|Any CPU.Build.0 = Release|Any CPU
		{B770EFC7-06A4-4B52-B416-49FDB7DC5BF7}.Debug|Any CPU.ActiveCfg = Debug|Any CPU
		{B770EFC7-06A4-4B52-B416-49FDB7DC5BF7}.Debug|Any CPU.Build.0 = Debug|Any CPU
		{B770EFC7-06A4-4B52-B416-49FDB7DC5BF7}.Release|Any CPU.ActiveCfg = Release|Any CPU
		{B770EFC7-06A4-4B52-B416-49FDB7DC5BF7}.Release|Any CPU.Build.0 = Release|Any CPU
		{3B3B9951-A239-4779-BE60-6022AE6FB10E}.Debug|Any CPU.ActiveCfg = Debug|Any CPU
		{3B3B9951-A239-4779-BE60-6022AE6FB10E}.Debug|Any CPU.Build.0 = Debug|Any CPU
		{3B3B9951-A239-4779-BE60-6022AE6FB10E}.Release|Any CPU.ActiveCfg = Release|Any CPU
		{3B3B9951-A239-4779-BE60-6022AE6FB10E}.Release|Any CPU.Build.0 = Release|Any CPU
		{81D577C5-34C6-4DDC-9BC4-31C999A909BB}.Debug|Any CPU.ActiveCfg = Debug|Any CPU
		{81D577C5-34C6-4DDC-9BC4-31C999A909BB}.Debug|Any CPU.Build.0 = Debug|Any CPU
		{81D577C5-34C6-4DDC-9BC4-31C999A909BB}.Release|Any CPU.ActiveCfg = Release|Any CPU
		{81D577C5-34C6-4DDC-9BC4-31C999A909BB}.Release|Any CPU.Build.0 = Release|Any CPU
		{71F570DA-155B-4F0A-A95F-F82A117F53CA}.Debug|Any CPU.ActiveCfg = Debug|Any CPU
		{71F570DA-155B-4F0A-A95F-F82A117F53CA}.Debug|Any CPU.Build.0 = Debug|Any CPU
		{71F570DA-155B-4F0A-A95F-F82A117F53CA}.Release|Any CPU.ActiveCfg = Release|Any CPU
		{71F570DA-155B-4F0A-A95F-F82A117F53CA}.Release|Any CPU.Build.0 = Release|Any CPU
		{1089796F-7466-4D6B-86E4-A0BED42C1201}.Debug|Any CPU.ActiveCfg = Debug|Any CPU
		{1089796F-7466-4D6B-86E4-A0BED42C1201}.Debug|Any CPU.Build.0 = Debug|Any CPU
		{1089796F-7466-4D6B-86E4-A0BED42C1201}.Release|Any CPU.ActiveCfg = Release|Any CPU
		{1089796F-7466-4D6B-86E4-A0BED42C1201}.Release|Any CPU.Build.0 = Release|Any CPU
		{4746786F-9E42-4513-8714-13D5A125A95A}.Debug|Any CPU.ActiveCfg = Debug|Any CPU
		{4746786F-9E42-4513-8714-13D5A125A95A}.Debug|Any CPU.Build.0 = Debug|Any CPU
		{4746786F-9E42-4513-8714-13D5A125A95A}.Release|Any CPU.ActiveCfg = Release|Any CPU
		{4746786F-9E42-4513-8714-13D5A125A95A}.Release|Any CPU.Build.0 = Release|Any CPU
		{19429DD4-38AD-40EF-8B3B-899D32A232F5}.Debug|Any CPU.ActiveCfg = Debug|Any CPU
		{19429DD4-38AD-40EF-8B3B-899D32A232F5}.Debug|Any CPU.Build.0 = Debug|Any CPU
		{19429DD4-38AD-40EF-8B3B-899D32A232F5}.Release|Any CPU.ActiveCfg = Release|Any CPU
		{19429DD4-38AD-40EF-8B3B-899D32A232F5}.Release|Any CPU.Build.0 = Release|Any CPU
		{56F36655-4FEB-4105-89AD-483E82FE73F8}.Debug|Any CPU.ActiveCfg = Debug|Any CPU
		{56F36655-4FEB-4105-89AD-483E82FE73F8}.Debug|Any CPU.Build.0 = Debug|Any CPU
		{56F36655-4FEB-4105-89AD-483E82FE73F8}.Release|Any CPU.ActiveCfg = Release|Any CPU
		{56F36655-4FEB-4105-89AD-483E82FE73F8}.Release|Any CPU.Build.0 = Release|Any CPU
		{E01356FF-23B2-453C-90EA-95F92C3A514C}.Debug|Any CPU.ActiveCfg = Debug|Any CPU
		{E01356FF-23B2-453C-90EA-95F92C3A514C}.Debug|Any CPU.Build.0 = Debug|Any CPU
		{E01356FF-23B2-453C-90EA-95F92C3A514C}.Release|Any CPU.ActiveCfg = Release|Any CPU
		{E01356FF-23B2-453C-90EA-95F92C3A514C}.Release|Any CPU.Build.0 = Release|Any CPU
		{CB468143-5F7A-442E-8A01-F7A1CC9DC1BD}.Debug|Any CPU.ActiveCfg = Debug|Any CPU
		{CB468143-5F7A-442E-8A01-F7A1CC9DC1BD}.Debug|Any CPU.Build.0 = Debug|Any CPU
		{CB468143-5F7A-442E-8A01-F7A1CC9DC1BD}.Release|Any CPU.ActiveCfg = Release|Any CPU
		{CB468143-5F7A-442E-8A01-F7A1CC9DC1BD}.Release|Any CPU.Build.0 = Release|Any CPU
		{B70F9482-506E-489A-9571-D7182C5919AC}.Debug|Any CPU.ActiveCfg = Debug|Any CPU
		{B70F9482-506E-489A-9571-D7182C5919AC}.Debug|Any CPU.Build.0 = Debug|Any CPU
		{B70F9482-506E-489A-9571-D7182C5919AC}.Release|Any CPU.ActiveCfg = Release|Any CPU
		{B70F9482-506E-489A-9571-D7182C5919AC}.Release|Any CPU.Build.0 = Release|Any CPU
		{6C357EA2-3E4B-4837-8397-ACB716334424}.Debug|Any CPU.ActiveCfg = Debug|Any CPU
		{6C357EA2-3E4B-4837-8397-ACB716334424}.Debug|Any CPU.Build.0 = Debug|Any CPU
		{6C357EA2-3E4B-4837-8397-ACB716334424}.Release|Any CPU.ActiveCfg = Release|Any CPU
		{6C357EA2-3E4B-4837-8397-ACB716334424}.Release|Any CPU.Build.0 = Release|Any CPU
		{E4A9C32F-2977-4B2B-8410-78EC510CB588}.Debug|Any CPU.ActiveCfg = Debug|Any CPU
		{E4A9C32F-2977-4B2B-8410-78EC510CB588}.Debug|Any CPU.Build.0 = Debug|Any CPU
		{E4A9C32F-2977-4B2B-8410-78EC510CB588}.Release|Any CPU.ActiveCfg = Release|Any CPU
		{E4A9C32F-2977-4B2B-8410-78EC510CB588}.Release|Any CPU.Build.0 = Release|Any CPU
		{3EA0D0E7-7E16-4AEE-B5CD-3B25AD6D78E3}.Debug|Any CPU.ActiveCfg = Debug|Any CPU
		{3EA0D0E7-7E16-4AEE-B5CD-3B25AD6D78E3}.Debug|Any CPU.Build.0 = Debug|Any CPU
		{3EA0D0E7-7E16-4AEE-B5CD-3B25AD6D78E3}.Release|Any CPU.ActiveCfg = Release|Any CPU
		{3EA0D0E7-7E16-4AEE-B5CD-3B25AD6D78E3}.Release|Any CPU.Build.0 = Release|Any CPU
		{C1386B89-72C1-4EB5-ADA1-A96CE57CFE21}.Debug|Any CPU.ActiveCfg = Debug|Any CPU
		{C1386B89-72C1-4EB5-ADA1-A96CE57CFE21}.Debug|Any CPU.Build.0 = Debug|Any CPU
		{C1386B89-72C1-4EB5-ADA1-A96CE57CFE21}.Release|Any CPU.ActiveCfg = Release|Any CPU
		{C1386B89-72C1-4EB5-ADA1-A96CE57CFE21}.Release|Any CPU.Build.0 = Release|Any CPU
		{3058B9F3-798A-45C3-A858-937FB2939D5A}.Debug|Any CPU.ActiveCfg = Debug|Any CPU
		{3058B9F3-798A-45C3-A858-937FB2939D5A}.Debug|Any CPU.Build.0 = Debug|Any CPU
		{3058B9F3-798A-45C3-A858-937FB2939D5A}.Release|Any CPU.ActiveCfg = Release|Any CPU
		{3058B9F3-798A-45C3-A858-937FB2939D5A}.Release|Any CPU.Build.0 = Release|Any CPU
	EndGlobalSection
	GlobalSection(SolutionProperties) = preSolution
		HideSolutionNode = FALSE
	EndGlobalSection
	GlobalSection(NestedProjects) = preSolution
		{D2ECDB25-B287-45AF-90A0-F4A81CDD7A86} = {4ACCFC90-AE33-40B4-B951-9BBE98D40F74}
		{34DE48BF-B3EE-46A0-AFDF-75DEABB4AC18} = {6D4A1105-21F7-4C19-AABF-CD80AD92B347}
		{B770EFC7-06A4-4B52-B416-49FDB7DC5BF7} = {173E9942-024D-452C-AC5D-3A2A577D4199}
		{3B3B9951-A239-4779-BE60-6022AE6FB10E} = {8A463BFF-ADBC-4B30-B01C-94E58A217F2E}
		{81D577C5-34C6-4DDC-9BC4-31C999A909BB} = {6D4A1105-21F7-4C19-AABF-CD80AD92B347}
		{71F570DA-155B-4F0A-A95F-F82A117F53CA} = {6D4A1105-21F7-4C19-AABF-CD80AD92B347}
		{1089796F-7466-4D6B-86E4-A0BED42C1201} = {173E9942-024D-452C-AC5D-3A2A577D4199}
		{4746786F-9E42-4513-8714-13D5A125A95A} = {67B3A07C-C067-4385-8C3A-F716EE1EE12F}
		{19429DD4-38AD-40EF-8B3B-899D32A232F5} = {67B3A07C-C067-4385-8C3A-F716EE1EE12F}
		{56F36655-4FEB-4105-89AD-483E82FE73F8} = {67B3A07C-C067-4385-8C3A-F716EE1EE12F}
		{E01356FF-23B2-453C-90EA-95F92C3A514C} = {67B3A07C-C067-4385-8C3A-F716EE1EE12F}
		{CB468143-5F7A-442E-8A01-F7A1CC9DC1BD} = {67B3A07C-C067-4385-8C3A-F716EE1EE12F}
		{B70F9482-506E-489A-9571-D7182C5919AC} = {67B3A07C-C067-4385-8C3A-F716EE1EE12F}
		{6C357EA2-3E4B-4837-8397-ACB716334424} = {DFC29803-7D9C-4452-BFDD-E7492A66B9DD}
		{E4A9C32F-2977-4B2B-8410-78EC510CB588} = {67B3A07C-C067-4385-8C3A-F716EE1EE12F}
		{3EA0D0E7-7E16-4AEE-B5CD-3B25AD6D78E3} = {6E285EE8-8033-4570-B011-CF988E7C1456}
		{C1386B89-72C1-4EB5-ADA1-A96CE57CFE21} = {15CDD005-09F9-4932-A4CC-F19714E89FD3}
		{3058B9F3-798A-45C3-A858-937FB2939D5A} = {15CDD005-09F9-4932-A4CC-F19714E89FD3}
	EndGlobalSection
EndGlobal
